{
  "name": "trybe-exercises",
  "version": "1.0.0",
  "lockfileVersion": 1,
  "requires": true,
  "dependencies": {
    "lab-roman-int-converter": {
      "version": "1.0.8",
      "resolved": "https://registry.npmjs.org/lab-roman-int-converter/-/lab-roman-int-converter-1.0.8.tgz",
      "integrity": "sha512-NjLCM4/xM/XDr7Sm3qkWFLSgQSutzpJ1ie/GG4IUX46alQuP8Ja6ZFKTTBLxmCy5TzocB9kF0CPglZCa+K8T1g=="
    }
  }
}
